{
  "name": "human-file-system-sdk",
  "version": "1.0.0",
  "lockfileVersion": 2,
  "requires": true,
  "packages": {
    "": {
      "name": "human-file-system-sdk",
      "version": "1.0.0",
      "license": "GPL-3.0-or-later",
      "dependencies": {
        "curedao-react-query-components": "^1.0.0"
      }
    },
    "node_modules/curedao-react-query-components": {
      "version": "1.0.0",
      "resolved": "https://registry.npmjs.org/curedao-react-query-components/-/curedao-react-query-components-1.0.0.tgz",
      "integrity": "sha512-ZH3S6wfkjsRRb78vXUrpeYL5kjJbn2HrGpEplarb8ElRy0g/naOsXK6DMKYLcsxwj+PCyIdmzqzselvyL0UxaQ=="
    }
  },
  "dependencies": {
    "curedao-react-query-components": {
      "version": "1.0.0",
      "resolved": "https://registry.npmjs.org/curedao-react-query-components/-/curedao-react-query-components-1.0.0.tgz",
      "integrity": "sha512-ZH3S6wfkjsRRb78vXUrpeYL5kjJbn2HrGpEplarb8ElRy0g/naOsXK6DMKYLcsxwj+PCyIdmzqzselvyL0UxaQ=="
    }
  }
}
